// !$*UTF8*$!
{
	archiveVersion = 1;
	classes = {
	};
	objectVersion = 55;
	objects = {

/* Begin PBXBuildFile section */
		439C654C28055DBF00FDDE19 /* LoadingView.swift in Sources */ = {isa = PBXBuildFile; fileRef = 439C654B28055DBF00FDDE19 /* LoadingView.swift */; };
		439C655028055DDD00FDDE19 /* InsertUserInfoView.swift in Sources */ = {isa = PBXBuildFile; fileRef = 439C654F28055DDD00FDDE19 /* InsertUserInfoView.swift */; };
		439C655228055DE600FDDE19 /* InsertTodoView.swift in Sources */ = {isa = PBXBuildFile; fileRef = 439C655128055DE600FDDE19 /* InsertTodoView.swift */; };
		439C655428055DF000FDDE19 /* TodoListView.swift in Sources */ = {isa = PBXBuildFile; fileRef = 439C655328055DF000FDDE19 /* TodoListView.swift */; };
		439C655628055DFC00FDDE19 /* TodoListRewardView.swift in Sources */ = {isa = PBXBuildFile; fileRef = 439C655528055DFC00FDDE19 /* TodoListRewardView.swift */; };
		439C655828055E0400FDDE19 /* MyPageView.swift in Sources */ = {isa = PBXBuildFile; fileRef = 439C655728055E0400FDDE19 /* MyPageView.swift */; };
		439C655A28055E1E00FDDE19 /* MyPageDetailView.swift in Sources */ = {isa = PBXBuildFile; fileRef = 439C655928055E1E00FDDE19 /* MyPageDetailView.swift */; };
		439C655C28055E2800FDDE19 /* EditUserInfoView.swift in Sources */ = {isa = PBXBuildFile; fileRef = 439C655B28055E2800FDDE19 /* EditUserInfoView.swift */; };
		439C655F28055E5000FDDE19 /* Color.swift in Sources */ = {isa = PBXBuildFile; fileRef = 439C655E28055E5000FDDE19 /* Color.swift */; };
		43A3D9E928055AA500C5A9AD /* ProductiveThreeApp.swift in Sources */ = {isa = PBXBuildFile; fileRef = 43A3D9E828055AA500C5A9AD /* ProductiveThreeApp.swift */; };
		43A3D9EB28055AA500C5A9AD /* ContentView.swift in Sources */ = {isa = PBXBuildFile; fileRef = 43A3D9EA28055AA500C5A9AD /* ContentView.swift */; };
		43A3D9ED28055AA600C5A9AD /* Assets.xcassets in Resources */ = {isa = PBXBuildFile; fileRef = 43A3D9EC28055AA600C5A9AD /* Assets.xcassets */; };
		43A3D9F028055AA600C5A9AD /* Preview Assets.xcassets in Resources */ = {isa = PBXBuildFile; fileRef = 43A3D9EF28055AA600C5A9AD /* Preview Assets.xcassets */; };
		52FAEA1628056668002C40C6 /* SplashView.swift in Sources */ = {isa = PBXBuildFile; fileRef = 52FAEA1528056668002C40C6 /* SplashView.swift */; };
		A477DE78951B029A729242CD /* Pods_ProductiveThree.framework in Frameworks */ = {isa = PBXBuildFile; fileRef = 3E623D68C61D86BE59CB7161 /* Pods_ProductiveThree.framework */; };
/* End PBXBuildFile section */

/* Begin PBXFileReference section */
		3E623D68C61D86BE59CB7161 /* Pods_ProductiveThree.framework */ = {isa = PBXFileReference; explicitFileType = wrapper.framework; includeInIndex = 0; path = Pods_ProductiveThree.framework; sourceTree = BUILT_PRODUCTS_DIR; };
		439C654B28055DBF00FDDE19 /* LoadingView.swift */ = {isa = PBXFileReference; lastKnownFileType = sourcecode.swift; path = LoadingView.swift; sourceTree = "<group>"; };
		439C654F28055DDD00FDDE19 /* InsertUserInfoView.swift */ = {isa = PBXFileReference; lastKnownFileType = sourcecode.swift; path = InsertUserInfoView.swift; sourceTree = "<group>"; };
		439C655128055DE600FDDE19 /* InsertTodoView.swift */ = {isa = PBXFileReference; lastKnownFileType = sourcecode.swift; path = InsertTodoView.swift; sourceTree = "<group>"; };
		439C655328055DF000FDDE19 /* TodoListView.swift */ = {isa = PBXFileReference; lastKnownFileType = sourcecode.swift; path = TodoListView.swift; sourceTree = "<group>"; };
		439C655528055DFC00FDDE19 /* TodoListRewardView.swift */ = {isa = PBXFileReference; lastKnownFileType = sourcecode.swift; path = TodoListRewardView.swift; sourceTree = "<group>"; };
		439C655728055E0400FDDE19 /* MyPageView.swift */ = {isa = PBXFileReference; lastKnownFileType = sourcecode.swift; path = MyPageView.swift; sourceTree = "<group>"; };
		439C655928055E1E00FDDE19 /* MyPageDetailView.swift */ = {isa = PBXFileReference; lastKnownFileType = sourcecode.swift; path = MyPageDetailView.swift; sourceTree = "<group>"; };
		439C655B28055E2800FDDE19 /* EditUserInfoView.swift */ = {isa = PBXFileReference; lastKnownFileType = sourcecode.swift; path = EditUserInfoView.swift; sourceTree = "<group>"; };
		439C655E28055E5000FDDE19 /* Color.swift */ = {isa = PBXFileReference; lastKnownFileType = sourcecode.swift; path = Color.swift; sourceTree = "<group>"; };
		43A3D9E528055AA500C5A9AD /* ProductiveThree.app */ = {isa = PBXFileReference; explicitFileType = wrapper.application; includeInIndex = 0; path = ProductiveThree.app; sourceTree = BUILT_PRODUCTS_DIR; };
		43A3D9E828055AA500C5A9AD /* ProductiveThreeApp.swift */ = {isa = PBXFileReference; lastKnownFileType = sourcecode.swift; path = ProductiveThreeApp.swift; sourceTree = "<group>"; };
		43A3D9EA28055AA500C5A9AD /* ContentView.swift */ = {isa = PBXFileReference; lastKnownFileType = sourcecode.swift; path = ContentView.swift; sourceTree = "<group>"; };
		43A3D9EC28055AA600C5A9AD /* Assets.xcassets */ = {isa = PBXFileReference; lastKnownFileType = folder.assetcatalog; path = Assets.xcassets; sourceTree = "<group>"; };
		43A3D9EF28055AA600C5A9AD /* Preview Assets.xcassets */ = {isa = PBXFileReference; lastKnownFileType = folder.assetcatalog; path = "Preview Assets.xcassets"; sourceTree = "<group>"; };
		52FAEA1528056668002C40C6 /* SplashView.swift */ = {isa = PBXFileReference; lastKnownFileType = sourcecode.swift; path = SplashView.swift; sourceTree = "<group>"; };
		9933DD0B9DCD8E56562A9B2C /* Pods-ProductiveThree.debug.xcconfig */ = {isa = PBXFileReference; includeInIndex = 1; lastKnownFileType = text.xcconfig; name = "Pods-ProductiveThree.debug.xcconfig"; path = "Target Support Files/Pods-ProductiveThree/Pods-ProductiveThree.debug.xcconfig"; sourceTree = "<group>"; };
		9A0AA5ED60DC783A79D1B520 /* Pods-ProductiveThree.release.xcconfig */ = {isa = PBXFileReference; includeInIndex = 1; lastKnownFileType = text.xcconfig; name = "Pods-ProductiveThree.release.xcconfig"; path = "Target Support Files/Pods-ProductiveThree/Pods-ProductiveThree.release.xcconfig"; sourceTree = "<group>"; };
/* End PBXFileReference section */

/* Begin PBXFrameworksBuildPhase section */
		43A3D9E228055AA500C5A9AD /* Frameworks */ = {
			isa = PBXFrameworksBuildPhase;
			buildActionMask = 2147483647;
			files = (
				A477DE78951B029A729242CD /* Pods_ProductiveThree.framework in Frameworks */,
			);
			runOnlyForDeploymentPostprocessing = 0;
		};
/* End PBXFrameworksBuildPhase section */

/* Begin PBXGroup section */
		22175EDD8F86751A2F3A4F6C /* Frameworks */ = {
			isa = PBXGroup;
			children = (
				3E623D68C61D86BE59CB7161 /* Pods_ProductiveThree.framework */,
			);
			name = Frameworks;
			sourceTree = "<group>";
		};
		439C654128055D3100FDDE19 /* Global */ = {
			isa = PBXGroup;
			children = (
				439C655D28055E3B00FDDE19 /* Extension */,
			);
			path = Global;
			sourceTree = "<group>";
		};
		439C654228055D3300FDDE19 /* EditUserInfo */ = {
			isa = PBXGroup;
			children = (
				439C655B28055E2800FDDE19 /* EditUserInfoView.swift */,
			);
			path = EditUserInfo;
			sourceTree = "<group>";
		};
		439C654328055D3500FDDE19 /* MyPageDetail */ = {
			isa = PBXGroup;
			children = (
				439C655928055E1E00FDDE19 /* MyPageDetailView.swift */,
			);
			path = MyPageDetail;
			sourceTree = "<group>";
		};
		439C654428055D3700FDDE19 /* MyPage */ = {
			isa = PBXGroup;
			children = (
				439C655728055E0400FDDE19 /* MyPageView.swift */,
			);
			path = MyPage;
			sourceTree = "<group>";
		};
		439C654528055D3900FDDE19 /* TodoListReward */ = {
			isa = PBXGroup;
			children = (
				439C655528055DFC00FDDE19 /* TodoListRewardView.swift */,
			);
			path = TodoListReward;
			sourceTree = "<group>";
		};
		439C654628055D3A00FDDE19 /* TodoList */ = {
			isa = PBXGroup;
			children = (
				439C655328055DF000FDDE19 /* TodoListView.swift */,
			);
			path = TodoList;
			sourceTree = "<group>";
		};
		439C654728055D3C00FDDE19 /* InsertTodo */ = {
			isa = PBXGroup;
			children = (
				439C655128055DE600FDDE19 /* InsertTodoView.swift */,
			);
			path = InsertTodo;
			sourceTree = "<group>";
		};
		439C654828055D7F00FDDE19 /* InsertUserInfo */ = {
			isa = PBXGroup;
			children = (
				439C654F28055DDD00FDDE19 /* InsertUserInfoView.swift */,
			);
			path = InsertUserInfo;
			sourceTree = "<group>";
		};
		439C654928055D8200FDDE19 /* Loading */ = {
			isa = PBXGroup;
			children = (
				439C654B28055DBF00FDDE19 /* LoadingView.swift */,
				52FAEA1528056668002C40C6 /* SplashView.swift */,
			);
			path = Loading;
			sourceTree = "<group>";
		};
		439C655D28055E3B00FDDE19 /* Extension */ = {
			isa = PBXGroup;
			children = (
				439C655E28055E5000FDDE19 /* Color.swift */,
			);
			path = Extension;
			sourceTree = "<group>";
		};
		43A3D9DC28055AA500C5A9AD = {
			isa = PBXGroup;
			children = (
				43A3D9E728055AA500C5A9AD /* ProductiveThree */,
				43A3D9E628055AA500C5A9AD /* Products */,
				5B28D3E68DD455B2D740431A /* Pods */,
				22175EDD8F86751A2F3A4F6C /* Frameworks */,
			);
			sourceTree = "<group>";
		};
		43A3D9E628055AA500C5A9AD /* Products */ = {
			isa = PBXGroup;
			children = (
				43A3D9E528055AA500C5A9AD /* ProductiveThree.app */,
			);
			name = Products;
			sourceTree = "<group>";
		};
		43A3D9E728055AA500C5A9AD /* ProductiveThree */ = {
			isa = PBXGroup;
			children = (
				439C654928055D8200FDDE19 /* Loading */,
				439C654828055D7F00FDDE19 /* InsertUserInfo */,
				439C654728055D3C00FDDE19 /* InsertTodo */,
				439C654628055D3A00FDDE19 /* TodoList */,
				439C654528055D3900FDDE19 /* TodoListReward */,
				439C654428055D3700FDDE19 /* MyPage */,
				439C654328055D3500FDDE19 /* MyPageDetail */,
				439C654228055D3300FDDE19 /* EditUserInfo */,
				439C654128055D3100FDDE19 /* Global */,
				43A3D9E828055AA500C5A9AD /* ProductiveThreeApp.swift */,
				43A3D9EA28055AA500C5A9AD /* ContentView.swift */,
				43A3D9EC28055AA600C5A9AD /* Assets.xcassets */,
				43A3D9EE28055AA600C5A9AD /* Preview Content */,
			);
			path = ProductiveThree;
			sourceTree = "<group>";
		};
		43A3D9EE28055AA600C5A9AD /* Preview Content */ = {
			isa = PBXGroup;
			children = (
				43A3D9EF28055AA600C5A9AD /* Preview Assets.xcassets */,
			);
			path = "Preview Content";
			sourceTree = "<group>";
		};
		5B28D3E68DD455B2D740431A /* Pods */ = {
			isa = PBXGroup;
			children = (
				9933DD0B9DCD8E56562A9B2C /* Pods-ProductiveThree.debug.xcconfig */,
				9A0AA5ED60DC783A79D1B520 /* Pods-ProductiveThree.release.xcconfig */,
			);
			name = Pods;
			path = Pods;
			sourceTree = "<group>";
		};
/* End PBXGroup section */

/* Begin PBXNativeTarget section */
		43A3D9E428055AA500C5A9AD /* ProductiveThree */ = {
			isa = PBXNativeTarget;
			buildConfigurationList = 43A3D9F328055AA600C5A9AD /* Build configuration list for PBXNativeTarget "ProductiveThree" */;
			buildPhases = (
				E7D3F900EA957008689D1F36 /* [CP] Check Pods Manifest.lock */,
				43A3D9E128055AA500C5A9AD /* Sources */,
				43A3D9E228055AA500C5A9AD /* Frameworks */,
				43A3D9E328055AA500C5A9AD /* Resources */,
				B7911C9FFE2FF301ADBB6FFC /* [CP] Embed Pods Frameworks */,
			);
			buildRules = (
			);
			dependencies = (
			);
			name = ProductiveThree;
			productName = ProductiveThree;
			productReference = 43A3D9E528055AA500C5A9AD /* ProductiveThree.app */;
			productType = "com.apple.product-type.application";
		};
/* End PBXNativeTarget section */

/* Begin PBXProject section */
		43A3D9DD28055AA500C5A9AD /* Project object */ = {
			isa = PBXProject;
			attributes = {
				BuildIndependentTargetsInParallel = 1;
				LastSwiftUpdateCheck = 1330;
				LastUpgradeCheck = 1330;
				TargetAttributes = {
					43A3D9E428055AA500C5A9AD = {
						CreatedOnToolsVersion = 13.3;
					};
				};
			};
			buildConfigurationList = 43A3D9E028055AA500C5A9AD /* Build configuration list for PBXProject "ProductiveThree" */;
			compatibilityVersion = "Xcode 13.0";
			developmentRegion = en;
			hasScannedForEncodings = 0;
			knownRegions = (
				en,
				Base,
			);
			mainGroup = 43A3D9DC28055AA500C5A9AD;
			productRefGroup = 43A3D9E628055AA500C5A9AD /* Products */;
			projectDirPath = "";
			projectRoot = "";
			targets = (
				43A3D9E428055AA500C5A9AD /* ProductiveThree */,
			);
		};
/* End PBXProject section */

/* Begin PBXResourcesBuildPhase section */
		43A3D9E328055AA500C5A9AD /* Resources */ = {
			isa = PBXResourcesBuildPhase;
			buildActionMask = 2147483647;
			files = (
				43A3D9F028055AA600C5A9AD /* Preview Assets.xcassets in Resources */,
				43A3D9ED28055AA600C5A9AD /* Assets.xcassets in Resources */,
			);
			runOnlyForDeploymentPostprocessing = 0;
		};
/* End PBXResourcesBuildPhase section */

/* Begin PBXShellScriptBuildPhase section */
		B7911C9FFE2FF301ADBB6FFC /* [CP] Embed Pods Frameworks */ = {
			isa = PBXShellScriptBuildPhase;
			buildActionMask = 2147483647;
			files = (
			);
			inputFileListPaths = (
				"${PODS_ROOT}/Target Support Files/Pods-ProductiveThree/Pods-ProductiveThree-frameworks-${CONFIGURATION}-input-files.xcfilelist",
			);
			name = "[CP] Embed Pods Frameworks";
			outputFileListPaths = (
				"${PODS_ROOT}/Target Support Files/Pods-ProductiveThree/Pods-ProductiveThree-frameworks-${CONFIGURATION}-output-files.xcfilelist",
			);
			runOnlyForDeploymentPostprocessing = 0;
			shellPath = /bin/sh;
			shellScript = "\"${PODS_ROOT}/Target Support Files/Pods-ProductiveThree/Pods-ProductiveThree-frameworks.sh\"\n";
			showEnvVarsInLog = 0;
		};
		E7D3F900EA957008689D1F36 /* [CP] Check Pods Manifest.lock */ = {
			isa = PBXShellScriptBuildPhase;
			buildActionMask = 2147483647;
			files = (
			);
			inputFileListPaths = (
			);
			inputPaths = (
				"${PODS_PODFILE_DIR_PATH}/Podfile.lock",
				"${PODS_ROOT}/Manifest.lock",
			);
			name = "[CP] Check Pods Manifest.lock";
			outputFileListPaths = (
			);
			outputPaths = (
				"$(DERIVED_FILE_DIR)/Pods-ProductiveThree-checkManifestLockResult.txt",
			);
			runOnlyForDeploymentPostprocessing = 0;
			shellPath = /bin/sh;
			shellScript = "diff \"${PODS_PODFILE_DIR_PATH}/Podfile.lock\" \"${PODS_ROOT}/Manifest.lock\" > /dev/null\nif [ $? != 0 ] ; then\n    # print error to STDERR\n    echo \"error: The sandbox is not in sync with the Podfile.lock. Run 'pod install' or update your CocoaPods installation.\" >&2\n    exit 1\nfi\n# This output is used by Xcode 'outputs' to avoid re-running this script phase.\necho \"SUCCESS\" > \"${SCRIPT_OUTPUT_FILE_0}\"\n";
			showEnvVarsInLog = 0;
		};
/* End PBXShellScriptBuildPhase section */

/* Begin PBXSourcesBuildPhase section */
		43A3D9E128055AA500C5A9AD /* Sources */ = {
			isa = PBXSourcesBuildPhase;
			buildActionMask = 2147483647;
			files = (
				439C655628055DFC00FDDE19 /* TodoListRewardView.swift in Sources */,
				439C655C28055E2800FDDE19 /* EditUserInfoView.swift in Sources */,
				439C655F28055E5000FDDE19 /* Color.swift in Sources */,
				439C655828055E0400FDDE19 /* MyPageView.swift in Sources */,
				439C655228055DE600FDDE19 /* InsertTodoView.swift in Sources */,
				52FAEA1628056668002C40C6 /* SplashView.swift in Sources */,
				43A3D9EB28055AA500C5A9AD /* ContentView.swift in Sources */,
				439C655428055DF000FDDE19 /* TodoListView.swift in Sources */,
				439C655A28055E1E00FDDE19 /* MyPageDetailView.swift in Sources */,
				43A3D9E928055AA500C5A9AD /* ProductiveThreeApp.swift in Sources */,
				439C655028055DDD00FDDE19 /* InsertUserInfoView.swift in Sources */,
				439C654C28055DBF00FDDE19 /* LoadingView.swift in Sources */,
			);
			runOnlyForDeploymentPostprocessing = 0;
		};
/* End PBXSourcesBuildPhase section */

/* Begin XCBuildConfiguration section */
		43A3D9F128055AA600C5A9AD /* Debug */ = {
			isa = XCBuildConfiguration;
			buildSettings = {
				ALWAYS_SEARCH_USER_PATHS = NO;
				CLANG_ANALYZER_NONNULL = YES;
				CLANG_ANALYZER_NUMBER_OBJECT_CONVERSION = YES_AGGRESSIVE;
				CLANG_CXX_LANGUAGE_STANDARD = "gnu++17";
				CLANG_ENABLE_MODULES = YES;
				CLANG_ENABLE_OBJC_ARC = YES;
				CLANG_ENABLE_OBJC_WEAK = YES;
				CLANG_WARN_BLOCK_CAPTURE_AUTORELEASING = YES;
				CLANG_WARN_BOOL_CONVERSION = YES;
				CLANG_WARN_COMMA = YES;
				CLANG_WARN_CONSTANT_CONVERSION = YES;
				CLANG_WARN_DEPRECATED_OBJC_IMPLEMENTATIONS = YES;
				CLANG_WARN_DIRECT_OBJC_ISA_USAGE = YES_ERROR;
				CLANG_WARN_DOCUMENTATION_COMMENTS = YES;
				CLANG_WARN_EMPTY_BODY = YES;
				CLANG_WARN_ENUM_CONVERSION = YES;
				CLANG_WARN_INFINITE_RECURSION = YES;
				CLANG_WARN_INT_CONVERSION = YES;
				CLANG_WARN_NON_LITERAL_NULL_CONVERSION = YES;
				CLANG_WARN_OBJC_IMPLICIT_RETAIN_SELF = YES;
				CLANG_WARN_OBJC_LITERAL_CONVERSION = YES;
				CLANG_WARN_OBJC_ROOT_CLASS = YES_ERROR;
				CLANG_WARN_QUOTED_INCLUDE_IN_FRAMEWORK_HEADER = YES;
				CLANG_WARN_RANGE_LOOP_ANALYSIS = YES;
				CLANG_WARN_STRICT_PROTOTYPES = YES;
				CLANG_WARN_SUSPICIOUS_MOVE = YES;
				CLANG_WARN_UNGUARDED_AVAILABILITY = YES_AGGRESSIVE;
				CLANG_WARN_UNREACHABLE_CODE = YES;
				CLANG_WARN__DUPLICATE_METHOD_MATCH = YES;
				COPY_PHASE_STRIP = NO;
				DEBUG_INFORMATION_FORMAT = dwarf;
				ENABLE_STRICT_OBJC_MSGSEND = YES;
				ENABLE_TESTABILITY = YES;
				GCC_C_LANGUAGE_STANDARD = gnu11;
				GCC_DYNAMIC_NO_PIC = NO;
				GCC_NO_COMMON_BLOCKS = YES;
				GCC_OPTIMIZATION_LEVEL = 0;
				GCC_PREPROCESSOR_DEFINITIONS = (
					"DEBUG=1",
					"$(inherited)",
				);
				GCC_WARN_64_TO_32_BIT_CONVERSION = YES;
				GCC_WARN_ABOUT_RETURN_TYPE = YES_ERROR;
				GCC_WARN_UNDECLARED_SELECTOR = YES;
				GCC_WARN_UNINITIALIZED_AUTOS = YES_AGGRESSIVE;
				GCC_WARN_UNUSED_FUNCTION = YES;
				GCC_WARN_UNUSED_VARIABLE = YES;
				IPHONEOS_DEPLOYMENT_TARGET = 15.4;
				MTL_ENABLE_DEBUG_INFO = INCLUDE_SOURCE;
				MTL_FAST_MATH = YES;
				ONLY_ACTIVE_ARCH = YES;
				SDKROOT = iphoneos;
				SWIFT_ACTIVE_COMPILATION_CONDITIONS = DEBUG;
				SWIFT_OPTIMIZATION_LEVEL = "-Onone";
			};
			name = Debug;
		};
		43A3D9F228055AA600C5A9AD /* Release */ = {
			isa = XCBuildConfiguration;
			buildSettings = {
				ALWAYS_SEARCH_USER_PATHS = NO;
				CLANG_ANALYZER_NONNULL = YES;
				CLANG_ANALYZER_NUMBER_OBJECT_CONVERSION = YES_AGGRESSIVE;
				CLANG_CXX_LANGUAGE_STANDARD = "gnu++17";
				CLANG_ENABLE_MODULES = YES;
				CLANG_ENABLE_OBJC_ARC = YES;
				CLANG_ENABLE_OBJC_WEAK = YES;
				CLANG_WARN_BLOCK_CAPTURE_AUTORELEASING = YES;
				CLANG_WARN_BOOL_CONVERSION = YES;
				CLANG_WARN_COMMA = YES;
				CLANG_WARN_CONSTANT_CONVERSION = YES;
				CLANG_WARN_DEPRECATED_OBJC_IMPLEMENTATIONS = YES;
				CLANG_WARN_DIRECT_OBJC_ISA_USAGE = YES_ERROR;
				CLANG_WARN_DOCUMENTATION_COMMENTS = YES;
				CLANG_WARN_EMPTY_BODY = YES;
				CLANG_WARN_ENUM_CONVERSION = YES;
				CLANG_WARN_INFINITE_RECURSION = YES;
				CLANG_WARN_INT_CONVERSION = YES;
				CLANG_WARN_NON_LITERAL_NULL_CONVERSION = YES;
				CLANG_WARN_OBJC_IMPLICIT_RETAIN_SELF = YES;
				CLANG_WARN_OBJC_LITERAL_CONVERSION = YES;
				CLANG_WARN_OBJC_ROOT_CLASS = YES_ERROR;
				CLANG_WARN_QUOTED_INCLUDE_IN_FRAMEWORK_HEADER = YES;
				CLANG_WARN_RANGE_LOOP_ANALYSIS = YES;
				CLANG_WARN_STRICT_PROTOTYPES = YES;
				CLANG_WARN_SUSPICIOUS_MOVE = YES;
				CLANG_WARN_UNGUARDED_AVAILABILITY = YES_AGGRESSIVE;
				CLANG_WARN_UNREACHABLE_CODE = YES;
				CLANG_WARN__DUPLICATE_METHOD_MATCH = YES;
				COPY_PHASE_STRIP = NO;
				DEBUG_INFORMATION_FORMAT = "dwarf-with-dsym";
				ENABLE_NS_ASSERTIONS = NO;
				ENABLE_STRICT_OBJC_MSGSEND = YES;
				GCC_C_LANGUAGE_STANDARD = gnu11;
				GCC_NO_COMMON_BLOCKS = YES;
				GCC_WARN_64_TO_32_BIT_CONVERSION = YES;
				GCC_WARN_ABOUT_RETURN_TYPE = YES_ERROR;
				GCC_WARN_UNDECLARED_SELECTOR = YES;
				GCC_WARN_UNINITIALIZED_AUTOS = YES_AGGRESSIVE;
				GCC_WARN_UNUSED_FUNCTION = YES;
				GCC_WARN_UNUSED_VARIABLE = YES;
				IPHONEOS_DEPLOYMENT_TARGET = 15.4;
				MTL_ENABLE_DEBUG_INFO = NO;
				MTL_FAST_MATH = YES;
				SDKROOT = iphoneos;
				SWIFT_COMPILATION_MODE = wholemodule;
				SWIFT_OPTIMIZATION_LEVEL = "-O";
				VALIDATE_PRODUCT = YES;
			};
			name = Release;
		};
		43A3D9F428055AA600C5A9AD /* Debug */ = {
			isa = XCBuildConfiguration;
			baseConfigurationReference = 9933DD0B9DCD8E56562A9B2C /* Pods-ProductiveThree.debug.xcconfig */;
			buildSettings = {
				ASSETCATALOG_COMPILER_APPICON_NAME = AppIcon;
				ASSETCATALOG_COMPILER_GLOBAL_ACCENT_COLOR_NAME = AccentColor;
				CODE_SIGN_STYLE = Automatic;
				CURRENT_PROJECT_VERSION = 1;
				DEVELOPMENT_ASSET_PATHS = "\"ProductiveThree/Preview Content\"";
				DEVELOPMENT_TEAM = C88Z6A5WMW;
				ENABLE_PREVIEWS = YES;
				GENERATE_INFOPLIST_FILE = YES;
				INFOPLIST_KEY_UIApplicationSceneManifest_Generation = YES;
				INFOPLIST_KEY_UIApplicationSupportsIndirectInputEvents = YES;
				INFOPLIST_KEY_UILaunchScreen_Generation = YES;
				INFOPLIST_KEY_UISupportedInterfaceOrientations_iPad = "UIInterfaceOrientationPortrait UIInterfaceOrientationPortraitUpsideDown UIInterfaceOrientationLandscapeLeft UIInterfaceOrientationLandscapeRight";
				INFOPLIST_KEY_UISupportedInterfaceOrientations_iPhone = "UIInterfaceOrientationPortrait UIInterfaceOrientationLandscapeLeft UIInterfaceOrientationLandscapeRight";
				LD_RUNPATH_SEARCH_PATHS = (
					"$(inherited)",
					"@executable_path/Frameworks",
				);
				MARKETING_VERSION = 1.0;
				PRODUCT_BUNDLE_IDENTIFIER = com.nori.ProductiveThree;
				PRODUCT_NAME = "$(TARGET_NAME)";
				SWIFT_EMIT_LOC_STRINGS = YES;
				SWIFT_VERSION = 5.0;
				TARGETED_DEVICE_FAMILY = "1,2";
			};
			name = Debug;
		};
		43A3D9F528055AA600C5A9AD /* Release */ = {
			isa = XCBuildConfiguration;
			baseConfigurationReference = 9A0AA5ED60DC783A79D1B520 /* Pods-ProductiveThree.release.xcconfig */;
			buildSettings = {
				ASSETCATALOG_COMPILER_APPICON_NAME = AppIcon;
				ASSETCATALOG_COMPILER_GLOBAL_ACCENT_COLOR_NAME = AccentColor;
				CODE_SIGN_STYLE = Automatic;
				CURRENT_PROJECT_VERSION = 1;
				DEVELOPMENT_ASSET_PATHS = "\"ProductiveThree/Preview Content\"";
				DEVELOPMENT_TEAM = C88Z6A5WMW;
				ENABLE_PREVIEWS = YES;
				GENERATE_INFOPLIST_FILE = YES;
				INFOPLIST_KEY_UIApplicationSceneManifest_Generation = YES;
				INFOPLIST_KEY_UIApplicationSupportsIndirectInputEvents = YES;
				INFOPLIST_KEY_UILaunchScreen_Generation = YES;
				INFOPLIST_KEY_UISupportedInterfaceOrientations_iPad = "UIInterfaceOrientationPortrait UIInterfaceOrientationPortraitUpsideDown UIInterfaceOrientationLandscapeLeft UIInterfaceOrientationLandscapeRight";
				INFOPLIST_KEY_UISupportedInterfaceOrientations_iPhone = "UIInterfaceOrientationPortrait UIInterfaceOrientationLandscapeLeft UIInterfaceOrientationLandscapeRight";
				LD_RUNPATH_SEARCH_PATHS = (
					"$(inherited)",
					"@executable_path/Frameworks",
				);
				MARKETING_VERSION = 1.0;
				PRODUCT_BUNDLE_IDENTIFIER = com.nori.ProductiveThree;
				PRODUCT_NAME = "$(TARGET_NAME)";
				SWIFT_EMIT_LOC_STRINGS = YES;
				SWIFT_VERSION = 5.0;
				TARGETED_DEVICE_FAMILY = "1,2";
			};
			name = Release;
		};
/* End XCBuildConfiguration section */

/* Begin XCConfigurationList section */
		43A3D9E028055AA500C5A9AD /* Build configuration list for PBXProject "ProductiveThree" */ = {
			isa = XCConfigurationList;
			buildConfigurations = (
				43A3D9F128055AA600C5A9AD /* Debug */,
				43A3D9F228055AA600C5A9AD /* Release */,
			);
			defaultConfigurationIsVisible = 0;
			defaultConfigurationName = Release;
		};
		43A3D9F328055AA600C5A9AD /* Build configuration list for PBXNativeTarget "ProductiveThree" */ = {
			isa = XCConfigurationList;
			buildConfigurations = (
				43A3D9F428055AA600C5A9AD /* Debug */,
				43A3D9F528055AA600C5A9AD /* Release */,
			);
			defaultConfigurationIsVisible = 0;
			defaultConfigurationName = Release;
		};
/* End XCConfigurationList section */
	};
	rootObject = 43A3D9DD28055AA500C5A9AD /* Project object */;
}
